{
  "name": "mizban",
  "lockfileVersion": 3,
  "requires": true,
  "packages": {
    "": {
      "dependencies": {
        "dayjs": "^1.11.20",
        "jalaliday": "^3.1.1"
      }
    },
    "node_modules/dayjs": {
      "version": "1.11.20",
      "resolved": "https://mirror2.chabokan.net/npm/dayjs/-/dayjs-1.11.20.tgz",
      "integrity": "sha512-YbwwqR/uYpeoP4pu043q+LTDLFBLApUP6VxRihdfNTqu4ubqMlGDLd6ErXhEgsyvY0K6nCs7nggYumAN+9uEuQ==",
      "license": "MIT"
    },
    "node_modules/jalaliday": {
      "version": "3.1.1",
      "resolved": "https://mirror2.chabokan.net/npm/jalaliday/-/jalaliday-3.1.1.tgz",
      "integrity": "sha512-exZzDOfp/32Gj2YkEHNhBBMcltBCTrIe8RXLTfpCvdjYHNfbYSQiNeFVf4RR59FV+2fixUOCEFfzOzyXfgenlg==",
      "license": "MIT",
      "peerDependencies": {
        "dayjs": "^1.11.13"
      }
    }
  }
}
